<?xml version="1.0" encoding="utf-8"?>
<Project ToolsVersion="4.0" xmlns="http://schemas.microsoft.com/developer/msbuild/2003">
  <ItemGroup>
    <Filter Include="Source Files">
      <UniqueIdentifier>{4FC737F1-C7A5-4376-A066-2A32D752A2FF}</UniqueIdentifier>
      <Extensions>cpp;c;cc;cxx;def;odl;idl;hpj;bat;asm;asmx</Extensions>
    </Filter>
    <Filter Include="Header Files">
      <UniqueIdentifier>{93995380-89BD-4b04-88EB-625FBE52EBFB}</UniqueIdentifier>
      <Extensions>h;hh;hpp;hxx;hm;inl;inc;xsd</Extensions>
    </Filter>
    <Filter Include="Resource Files">
      <UniqueIdentifier>{67DA6AB6-F800-4c08-8B7A-83BB121AAD01}</UniqueIdentifier>
      <Extensions>rc;ico;cur;bmp;dlg;rc2;rct;bin;rgs;gif;jpg;jpeg;jpe;resx;tiff;tif;png;wav;mfcribbon-ms</Extensions>
    </Filter>
    <Filter Include="Header Files\cuda">
      <UniqueIdentifier>{15eb8c59-750c-49a1-ab35-040b81ec1674}</UniqueIdentifier>
    </Filter>
    <Filter Include="Header Files\xilinx">
      <UniqueIdentifier>{c05f28a4-3c1f-4056-8c5b-753febe2851c}</UniqueIdentifier>
    </Filter>
    <Filter Include="Header Files\perf">
      <UniqueIdentifier>{6f4d3a0b-ea9b-48cf-94fa-3107822150ce}</UniqueIdentifier>
    </Filter>
  </ItemGroup>
  <ItemGroup>
    <ClCompile Include="..\..\tests\runtime_test.cpp">
      <Filter>Source Files</Filter>
    </ClCompile>
    <ClCompile Include="..\..\tests\loop_flat_test.cpp">
      <Filter>Source Files</Filter>
    </ClCompile>
    <ClCompile Include="..\codegen\tools\dacestub.cpp">
      <Filter>Source Files</Filter>
    </ClCompile>
    <ClCompile Include="..\codegen\tools\get_cuda_arch.cpp">
      <Filter>Source Files</Filter>
    </ClCompile>
  </ItemGroup>
  <ItemGroup>
    <ClInclude Include="include\dace\complex.h">
      <Filter>Header Files</Filter>
    </ClInclude>
    <ClInclude Include="include\dace\copy.h">
      <Filter>Header Files</Filter>
    </ClInclude>
    <ClInclude Include="include\dace\cudainterop.h">
      <Filter>Header Files</Filter>
    </ClInclude>
    <ClInclude Include="include\dace\dace.h">
      <Filter>Header Files</Filter>
    </ClInclude>
    <ClInclude Include="include\dace\intset.h">
      <Filter>Header Files</Filter>
    </ClInclude>
    <ClInclude Include="include\dace\math.h">
      <Filter>Header Files</Filter>
    </ClInclude>
    <ClInclude Include="include\dace\os.h">
      <Filter>Header Files</Filter>
    </ClInclude>
    <ClInclude Include="include\dace\pi.h">
      <Filter>Header Files</Filter>
    </ClInclude>
    <ClInclude Include="include\dace\pyinterop.h">
      <Filter>Header Files</Filter>
    </ClInclude>
    <ClInclude Include="include\dace\reduction.h">
      <Filter>Header Files</Filter>
    </ClInclude>
    <ClInclude Include="include\dace\stream.h">
      <Filter>Header Files</Filter>
    </ClInclude>
    <ClInclude Include="include\dace\types.h">
      <Filter>Header Files</Filter>
    </ClInclude>
    <ClInclude Include="include\dace\vector.h">
      <Filter>Header Files</Filter>
    </ClInclude>
    <ClInclude Include="include\dace\xilinx\access.h">
      <Filter>Header Files\xilinx</Filter>
    </ClInclude>
    <ClInclude Include="include\dace\xilinx\array_interface.h">
      <Filter>Header Files\xilinx</Filter>
    </ClInclude>
    <ClInclude Include="include\dace\xilinx\device.h">
      <Filter>Header Files\xilinx</Filter>
    </ClInclude>
    <ClInclude Include="include\dace\xilinx\host.h">
      <Filter>Header Files\xilinx</Filter>
    </ClInclude>
    <ClInclude Include="include\dace\xilinx\reduce.h">
      <Filter>Header Files\xilinx</Filter>
    </ClInclude>
    <ClInclude Include="include\dace\xilinx\stream.h">
      <Filter>Header Files\xilinx</Filter>
    </ClInclude>
    <ClInclude Include="include\dace\xilinx\vec.h">
      <Filter>Header Files\xilinx</Filter>
    </ClInclude>
    <ClInclude Include="include\dace\perf\instrumentation.h">
      <Filter>Header Files\perf</Filter>
    </ClInclude>
  </ItemGroup>
  <ItemGroup>
    <None Include="include\dace\cuda\copy.cuh">
      <Filter>Header Files\cuda</Filter>
    </None>
    <None Include="include\dace\cuda\cudacommon.cuh">
      <Filter>Header Files\cuda</Filter>
    </None>
    <None Include="include\dace\cuda\dynmap.cuh">
      <Filter>Header Files\cuda</Filter>
    </None>
    <None Include="include\dace\cuda\stream.cuh">
      <Filter>Header Files\cuda</Filter>
    </None>
    <None Include="include\dace\cuda\vectype.cuh">
      <Filter>Header Files\cuda</Filter>
    </None>
  </ItemGroup>
</Project>