
Microsoft Visual Studio Solution File, Format Version 12.00
# Visual Studio 15
VisualStudioVersion = 15.0.28307.421
MinimumVisualStudioVersion = 10.0.40219.1
Project("{888888A0-9F3D-457C-B088-3A5042F75D52}") = "dace", "dace.pyproj", "{7848E9C8-8C49-43DC-A5B1-7EF5EC182D17}"
EndProject
Global
	GlobalSection(SolutionConfigurationPlatforms) = preSolution
		Debug|Any CPU = Debug|Any CPU
		Release|Any CPU = Release|Any CPU
	EndGlobalSection
	GlobalSection(ProjectConfigurationPlatforms) = postSolution
		{7848E9C8-8C49-43DC-A5B1-7EF5EC182D17}.Debug|Any CPU.ActiveCfg = Debug|Any CPU
		{7848E9C8-8C49-43DC-A5B1-7EF5EC182D17}.Release|Any CPU.ActiveCfg = Release|Any CPU
	EndGlobalSection
	GlobalSection(SolutionProperties) = preSolution
		HideSolutionNode = FALSE
	EndGlobalSection
	GlobalSection(ExtensibilityGlobals) = postSolution
		SolutionGuid = {F8310A39-EFDA-414D-BE7F-DA9993C9DB0C}
	EndGlobalSection
EndGlobal
